# THIS IS AN AUTOGENERATED FILE. DO NOT EDIT THIS FILE DIRECTLY.
# yarn lockfile v1


"@brigadecore/brigadier@^2.1.0":
  version "2.1.0"
  resolved "https://registry.yarnpkg.com/@brigadecore/brigadier/-/brigadier-2.1.0.tgz#13f8feac24d3ff56932ae17c97a865f3205e501d"
  integrity sha512-Wwdl08q02r00J8/LNjZep02fFrQfrwalowYbzAEyEEMy0XqCRyXmOpbPeMJg3hmUxdPiP8k9WpYRM0TDDJpCrw==
  dependencies:
    "@types/node" "^16.10.3"
    typescript "4.4.3"

"@types/node@^16.10.3":
  version "16.11.14"
  resolved "https://registry.yarnpkg.com/@types/node/-/node-16.11.14.tgz#4939fb42e5b0ffb3ea7e193c28244fe7414977a6"
  integrity sha512-mK6BKLpL0bG6v2CxHbm0ed6RcZrAtTHBTd/ZpnlVPVa3HkumsqLE4BC4u6TQ8D7pnrRbOU0am6epuALs+Ncnzw==

typescript@4.4.3:
  version "4.4.3"
  resolved "https://registry.yarnpkg.com/typescript/-/typescript-4.4.3.tgz#bdc5407caa2b109efd4f82fe130656f977a29324"
  integrity sha512-4xfscpisVgqqDfPaJo5vkd+Qd/ItkoagnHpufr+i2QCHBsNYp+G7UAoyFl8aPtx879u38wPV65rZ8qbGZijalA==
